PODS:
  - Flutter (1.0.0)
  - kiosk_mode (0.0.1):
    - Flutter

DEPENDENCIES:
  - Flutter (from `Flutter`)
  - kiosk_mode (from `.symlinks/plugins/kiosk_mode/ios`)

EXTERNAL SOURCES:
  Flutter:
    :path: Flutter
  kiosk_mode:
    :path: ".symlinks/plugins/kiosk_mode/ios"

SPEC CHECKSUMS:
  Flutter: 434fef37c0980e73bb6479ef766c45957d4b510c
  kiosk_mode: 29a54598be6081da927a5eb6949c0ccac7e01de4

PODFILE CHECKSUM: aafe91acc616949ddb318b77800a7f51bffa2a4c

COCOAPODS: 1.10.1
