PODS:
  - Flutter (1.0.0)
  - kiosk_mode (0.0.1):
    - Flutter

DEPENDENCIES:
  - Flutter (from `Flutter`)
  - kiosk_mode (from `.symlinks/plugins/kiosk_mode/ios`)

EXTERNAL SOURCES:
  Flutter:
    :path: Flutter
  kiosk_mode:
    :path: ".symlinks/plugins/kiosk_mode/ios"

SPEC CHECKSUMS:
  Flutter: cabc95a1d2626b1b06e7179b784ebcf0c0cde467
  kiosk_mode: 3b08368d164d0034877c5c4e2c0d4dabd2f261a9

PODFILE CHECKSUM: 0dbd5a87e0ace00c9610d2037ac22083a01f861d

COCOAPODS: 1.17.0
